
Microsoft Visual Studio Solution File, Format Version 12.00
# Visual Studio 2013
VisualStudioVersion = 12.0.31101.0
MinimumVisualStudioVersion = 10.0.40219.1
Project("{FAE04EC0-301F-11D3-BF4B-00C04F79EFBC}") = "AuthenticationService", "AuthenticationService\AuthenticationService.csproj", "{84E151D3-D670-4D99-A859-45F54A6C44E4}"
EndProject
Project("{FAE04EC0-301F-11D3-BF4B-00C04F79EFBC}") = "HomeNetworkService", "HomeNetworkService\HomeNetworkService\HomeNetworkService.csproj", "{64055BEA-1E8E-46D7-A1A0-F8EC03AF4545}"
EndProject
Project("{FAE04EC0-301F-11D3-BF4B-00C04F79EFBC}") = "Authentication", "..\Authentication\AuthenticationLibrary\Authentication\Authentication.csproj", "{FD634685-2190-4963-865A-6A7539D827CB}"
EndProject
Global
	GlobalSection(SolutionConfigurationPlatforms) = preSolution
		Debug|Any CPU = Debug|Any CPU
		Release|Any CPU = Release|Any CPU
	EndGlobalSection
	GlobalSection(ProjectConfigurationPlatforms) = postSolution
		{84E151D3-D670-4D99-A859-45F54A6C44E4}.Debug|Any CPU.ActiveCfg = Debug|Any CPU
		{84E151D3-D670-4D99-A859-45F54A6C44E4}.Debug|Any CPU.Build.0 = Debug|Any CPU
		{84E151D3-D670-4D99-A859-45F54A6C44E4}.Release|Any CPU.ActiveCfg = Release|Any CPU
		{84E151D3-D670-4D99-A859-45F54A6C44E4}.Release|Any CPU.Build.0 = Release|Any CPU
		{64055BEA-1E8E-46D7-A1A0-F8EC03AF4545}.Debug|Any CPU.ActiveCfg = Debug|Any CPU
		{64055BEA-1E8E-46D7-A1A0-F8EC03AF4545}.Debug|Any CPU.Build.0 = Debug|Any CPU
		{64055BEA-1E8E-46D7-A1A0-F8EC03AF4545}.Release|Any CPU.ActiveCfg = Release|Any CPU
		{64055BEA-1E8E-46D7-A1A0-F8EC03AF4545}.Release|Any CPU.Build.0 = Release|Any CPU
		{FD634685-2190-4963-865A-6A7539D827CB}.Debug|Any CPU.ActiveCfg = Debug|Any CPU
		{FD634685-2190-4963-865A-6A7539D827CB}.Debug|Any CPU.Build.0 = Debug|Any CPU
		{FD634685-2190-4963-865A-6A7539D827CB}.Release|Any CPU.ActiveCfg = Release|Any CPU
		{FD634685-2190-4963-865A-6A7539D827CB}.Release|Any CPU.Build.0 = Release|Any CPU
	EndGlobalSection
	GlobalSection(SolutionProperties) = preSolution
		HideSolutionNode = FALSE
	EndGlobalSection
EndGlobal
